
Microsoft Visual Studio Solution File, Format Version 12.00
# Visual Studio Version 17
VisualStudioVersion = 17.10.34902.84
MinimumVisualStudioVersion = 10.0.40219.1
Project("{FAE04EC0-301F-11D3-BF4B-00C04F79EFBC}") = "FileLibrary", "FileLibrary\FileLibrary.csproj", "{EC545FE9-D76F-4E51-8502-EED376401EAE}"
EndProject
Global
	GlobalSection(SolutionConfigurationPlatforms) = preSolution
		Debug|Any CPU = Debug|Any CPU
		Release|Any CPU = Release|Any CPU
	EndGlobalSection
	GlobalSection(ProjectConfigurationPlatforms) = postSolution
		{EC545FE9-D76F-4E51-8502-EED376401EAE}.Debug|Any CPU.ActiveCfg = Debug|Any CPU
		{EC545FE9-D76F-4E51-8502-EED376401EAE}.Debug|Any CPU.Build.0 = Debug|Any CPU
		{EC545FE9-D76F-4E51-8502-EED376401EAE}.Release|Any CPU.ActiveCfg = Release|Any CPU
		{EC545FE9-D76F-4E51-8502-EED376401EAE}.Release|Any CPU.Build.0 = Release|Any CPU
	EndGlobalSection
	GlobalSection(SolutionProperties) = preSolution
		HideSolutionNode = FALSE
	EndGlobalSection
	GlobalSection(ExtensibilityGlobals) = postSolution
		SolutionGuid = {DE8D8120-929D-40D4-8EE1-A0A2AF87986A}
	EndGlobalSection
EndGlobal
